PODS:
  - AFNetworking (3.2.1):
    - AFNetworking/NSURLSession (= 3.2.1)
    - AFNetworking/Reachability (= 3.2.1)
    - AFNetworking/Security (= 3.2.1)
    - AFNetworking/Serialization (= 3.2.1)
    - AFNetworking/UIKit (= 3.2.1)
  - AFNetworking/NSURLSession (3.2.1):
    - AFNetworking/Reachability
    - AFNetworking/Security
    - AFNetworking/Serialization
  - AFNetworking/Reachability (3.2.1)
  - AFNetworking/Security (3.2.1)
  - AFNetworking/Serialization (3.2.1)
  - AFNetworking/UIKit (3.2.1):
    - AFNetworking/NSURLSession
  - Mantle (1.5.6):
    - Mantle/extobjc (= 1.5.6)
  - Mantle/extobjc (1.5.6)
  - Masonry (1.1.0)
  - SDWebImage (3.8.2):
    - SDWebImage/Core (= 3.8.2)
  - SDWebImage/Core (3.8.2)
  - TYVideoPlayer (0.0.1):
    - TYVideoPlayer/CacheFlie (= 0.0.1)
    - TYVideoPlayer/Network (= 0.0.1)
    - TYVideoPlayer/Player (= 0.0.1)
    - TYVideoPlayer/Prefetch (= 0.0.1)
    - TYVideoPlayer/Public (= 0.0.1)
    - TYVideoPlayer/Utils (= 0.0.1)
  - TYVideoPlayer/CacheFlie (0.0.1)
  - TYVideoPlayer/Network (0.0.1)
  - TYVideoPlayer/Player (0.0.1)
  - TYVideoPlayer/Prefetch (0.0.1)
  - TYVideoPlayer/Public (0.0.1)
  - TYVideoPlayer/Utils (0.0.1)

DEPENDENCIES:
  - AFNetworking
  - Mantle (= 1.5.6)
  - Masonry
  - SDWebImage (~> 3.7)
  - "TYVideoPlayer (from `git@code.aliyun.com:zzuliliyongqiang/TYVideoPlayer.git`, branch `master`)"

SPEC REPOS:
  https://github.com/CocoaPods/Specs.git:
    - AFNetworking
    - Mantle
    - Masonry
    - SDWebImage

EXTERNAL SOURCES:
  TYVideoPlayer:
    :branch: master
    :git: "git@code.aliyun.com:zzuliliyongqiang/TYVideoPlayer.git"

CHECKOUT OPTIONS:
  TYVideoPlayer:
    :commit: 2c05b399307b65a2999693a091259c452426abaa
    :git: "git@code.aliyun.com:zzuliliyongqiang/TYVideoPlayer.git"

SPEC CHECKSUMS:
  AFNetworking: b6f891fdfaed196b46c7a83cf209e09697b94057
  Mantle: a197db93e0f1e36194b1fdbc078219a8492eaef2
  Masonry: 678fab65091a9290e40e2832a55e7ab731aad201
  SDWebImage: 098e97e6176540799c27e804c96653ee0833d13c
  TYVideoPlayer: 84477e930edb35408bb023dbb53a4addbb95af1f

PODFILE CHECKSUM: 752ee46c4f570bd9e8b57d06381d6886016a0693

COCOAPODS: 1.5.3
