PODS:
  - AFNetworking (3.2.1):
    - AFNetworking/NSURLSession (= 3.2.1)
    - AFNetworking/Reachability (= 3.2.1)
    - AFNetworking/Security (= 3.2.1)
    - AFNetworking/Serialization (= 3.2.1)
    - AFNetworking/UIKit (= 3.2.1)
  - AFNetworking/NSURLSession (3.2.1):
    - AFNetworking/Reachability
    - AFNetworking/Security
    - AFNetworking/Serialization
  - AFNetworking/Reachability (3.2.1)
  - AFNetworking/Security (3.2.1)
  - AFNetworking/Serialization (3.2.1)
  - AFNetworking/UIKit (3.2.1):
    - AFNetworking/NSURLSession
  - Mantle (1.5.6):
    - Mantle/extobjc (= 1.5.6)
  - Mantle/extobjc (1.5.6)
  - Masonry (1.1.0)
  - SDWebImage (3.8.2):
    - SDWebImage/Core (= 3.8.2)
  - SDWebImage/Core (3.8.2)
  - TYVideoPlayer (0.0.1)

DEPENDENCIES:
  - AFNetworking
  - Mantle (= 1.5.6)
  - Masonry
  - SDWebImage (~> 3.7)
  - TYVideoPlayer (from `.`)

SPEC REPOS:
  https://github.com/CocoaPods/Specs.git:
    - AFNetworking
    - Mantle
    - Masonry
    - SDWebImage

EXTERNAL SOURCES:
  TYVideoPlayer:
    :path: "."

SPEC CHECKSUMS:
  AFNetworking: b6f891fdfaed196b46c7a83cf209e09697b94057
  Mantle: a197db93e0f1e36194b1fdbc078219a8492eaef2
  Masonry: 678fab65091a9290e40e2832a55e7ab731aad201
  SDWebImage: 098e97e6176540799c27e804c96653ee0833d13c
  TYVideoPlayer: f737e7ab280b70efc445f20451d82c43057f400a

PODFILE CHECKSUM: 4bec99ea5ea87bccc6b64a7d04e05de488cb6a7d

COCOAPODS: 1.5.3
