// !$*UTF8*$!
{
	archiveVersion = 1;
	classes = {
	};
	objectVersion = 50;
	objects = {

/* Begin PBXBuildFile section */
		D047C3BB214B67C0006CE00D /* AppDelegate.m in Sources */ = {isa = PBXBuildFile; fileRef = D047C3BA214B67C0006CE00D /* AppDelegate.m */; };
		D047C3BE214B67C0006CE00D /* ViewController.m in Sources */ = {isa = PBXBuildFile; fileRef = D047C3BD214B67C0006CE00D /* ViewController.m */; };
		D047C3C1214B67C0006CE00D /* Main.storyboard in Resources */ = {isa = PBXBuildFile; fileRef = D047C3BF214B67C0006CE00D /* Main.storyboard */; };
		D047C3C3214B67C2006CE00D /* Assets.xcassets in Resources */ = {isa = PBXBuildFile; fileRef = D047C3C2214B67C2006CE00D /* Assets.xcassets */; };
		D047C3C6214B67C2006CE00D /* LaunchScreen.storyboard in Resources */ = {isa = PBXBuildFile; fileRef = D047C3C4214B67C2006CE00D /* LaunchScreen.storyboard */; };
		D047C3C9214B67C2006CE00D /* main.m in Sources */ = {isa = PBXBuildFile; fileRef = D047C3C8214B67C2006CE00D /* main.m */; };
/* End PBXBuildFile section */

/* Begin PBXFileReference section */
		D047C3B6214B67C0006CE00D /* TYVideoPayerDemo.app */ = {isa = PBXFileReference; explicitFileType = wrapper.application; includeInIndex = 0; path = TYVideoPayerDemo.app; sourceTree = BUILT_PRODUCTS_DIR; };
		D047C3B9214B67C0006CE00D /* AppDelegate.h */ = {isa = PBXFileReference; lastKnownFileType = sourcecode.c.h; path = AppDelegate.h; sourceTree = "<group>"; };
		D047C3BA214B67C0006CE00D /* AppDelegate.m */ = {isa = PBXFileReference; lastKnownFileType = sourcecode.c.objc; path = AppDelegate.m; sourceTree = "<group>"; };
		D047C3BC214B67C0006CE00D /* ViewController.h */ = {isa = PBXFileReference; lastKnownFileType = sourcecode.c.h; path = ViewController.h; sourceTree = "<group>"; };
		D047C3BD214B67C0006CE00D /* ViewController.m */ = {isa = PBXFileReference; lastKnownFileType = sourcecode.c.objc; path = ViewController.m; sourceTree = "<group>"; };
		D047C3C0214B67C0006CE00D /* Base */ = {isa = PBXFileReference; lastKnownFileType = file.storyboard; name = Base; path = Base.lproj/Main.storyboard; sourceTree = "<group>"; };
		D047C3C2214B67C2006CE00D /* Assets.xcassets */ = {isa = PBXFileReference; lastKnownFileType = folder.assetcatalog; path = Assets.xcassets; sourceTree = "<group>"; };
		D047C3C5214B67C2006CE00D /* Base */ = {isa = PBXFileReference; lastKnownFileType = file.storyboard; name = Base; path = Base.lproj/LaunchScreen.storyboard; sourceTree = "<group>"; };
		D047C3C7214B67C2006CE00D /* Info.plist */ = {isa = PBXFileReference; lastKnownFileType = text.plist.xml; path = Info.plist; sourceTree = "<group>"; };
		D047C3C8214B67C2006CE00D /* main.m */ = {isa = PBXFileReference; lastKnownFileType = sourcecode.c.objc; path = main.m; sourceTree = "<group>"; };
/* End PBXFileReference section */

/* Begin PBXFrameworksBuildPhase section */
		D047C3B3214B67C0006CE00D /* Frameworks */ = {
			isa = PBXFrameworksBuildPhase;
			buildActionMask = 2147483647;
			files = (
			);
			runOnlyForDeploymentPostprocessing = 0;
		};
/* End PBXFrameworksBuildPhase section */

/* Begin PBXGroup section */
		D047C3AD214B67C0006CE00D = {
			isa = PBXGroup;
			children = (
				D047C3B8214B67C0006CE00D /* TYVideoPayerDemo */,
				D047C3B7214B67C0006CE00D /* Products */,
			);
			sourceTree = "<group>";
		};
		D047C3B7214B67C0006CE00D /* Products */ = {
			isa = PBXGroup;
			children = (
				D047C3B6214B67C0006CE00D /* TYVideoPayerDemo.app */,
			);
			name = Products;
			sourceTree = "<group>";
		};
		D047C3B8214B67C0006CE00D /* TYVideoPayerDemo */ = {
			isa = PBXGroup;
			children = (
				D047C3B9214B67C0006CE00D /* AppDelegate.h */,
				D047C3BA214B67C0006CE00D /* AppDelegate.m */,
				D047C3BC214B67C0006CE00D /* ViewController.h */,
				D047C3BD214B67C0006CE00D /* ViewController.m */,
				D047C3BF214B67C0006CE00D /* Main.storyboard */,
				D047C3C2214B67C2006CE00D /* Assets.xcassets */,
				D047C3C4214B67C2006CE00D /* LaunchScreen.storyboard */,
				D047C3C7214B67C2006CE00D /* Info.plist */,
				D047C3C8214B67C2006CE00D /* main.m */,
			);
			path = TYVideoPayerDemo;
			sourceTree = "<group>";
		};
/* End PBXGroup section */

/* Begin PBXNativeTarget section */
		D047C3B5214B67C0006CE00D /* TYVideoPayerDemo */ = {
			isa = PBXNativeTarget;
			buildConfigurationList = D047C3CC214B67C2006CE00D /* Build configuration list for PBXNativeTarget "TYVideoPayerDemo" */;
			buildPhases = (
				D047C3B2214B67C0006CE00D /* Sources */,
				D047C3B3214B67C0006CE00D /* Frameworks */,
				D047C3B4214B67C0006CE00D /* Resources */,
			);
			buildRules = (
			);
			dependencies = (
			);
			name = TYVideoPayerDemo;
			productName = TYVideoPayerDemo;
			productReference = D047C3B6214B67C0006CE00D /* TYVideoPayerDemo.app */;
			productType = "com.apple.product-type.application";
		};
/* End PBXNativeTarget section */

/* Begin PBXProject section */
		D047C3AE214B67C0006CE00D /* Project object */ = {
			isa = PBXProject;
			attributes = {
				LastUpgradeCheck = 0940;
				ORGANIZATIONNAME = yongqiang;
				TargetAttributes = {
					D047C3B5214B67C0006CE00D = {
						CreatedOnToolsVersion = 9.4;
					};
				};
			};
			buildConfigurationList = D047C3B1214B67C0006CE00D /* Build configuration list for PBXProject "TYVideoPayerDemo" */;
			compatibilityVersion = "Xcode 9.3";
			developmentRegion = en;
			hasScannedForEncodings = 0;
			knownRegions = (
				en,
				Base,
			);
			mainGroup = D047C3AD214B67C0006CE00D;
			productRefGroup = D047C3B7214B67C0006CE00D /* Products */;
			projectDirPath = "";
			projectRoot = "";
			targets = (
				D047C3B5214B67C0006CE00D /* TYVideoPayerDemo */,
			);
		};
/* End PBXProject section */

/* Begin PBXResourcesBuildPhase section */
		D047C3B4214B67C0006CE00D /* Resources */ = {
			isa = PBXResourcesBuildPhase;
			buildActionMask = 2147483647;
			files = (
				D047C3C6214B67C2006CE00D /* LaunchScreen.storyboard in Resources */,
				D047C3C3214B67C2006CE00D /* Assets.xcassets in Resources */,
				D047C3C1214B67C0006CE00D /* Main.storyboard in Resources */,
			);
			runOnlyForDeploymentPostprocessing = 0;
		};
/* End PBXResourcesBuildPhase section */

/* Begin PBXSourcesBuildPhase section */
		D047C3B2214B67C0006CE00D /* Sources */ = {
			isa = PBXSourcesBuildPhase;
			buildActionMask = 2147483647;
			files = (
				D047C3BE214B67C0006CE00D /* ViewController.m in Sources */,
				D047C3C9214B67C2006CE00D /* main.m in Sources */,
				D047C3BB214B67C0006CE00D /* AppDelegate.m in Sources */,
			);
			runOnlyForDeploymentPostprocessing = 0;
		};
/* End PBXSourcesBuildPhase section */

/* Begin PBXVariantGroup section */
		D047C3BF214B67C0006CE00D /* Main.storyboard */ = {
			isa = PBXVariantGroup;
			children = (
				D047C3C0214B67C0006CE00D /* Base */,
			);
			name = Main.storyboard;
			sourceTree = "<group>";
		};
		D047C3C4214B67C2006CE00D /* LaunchScreen.storyboard */ = {
			isa = PBXVariantGroup;
			children = (
				D047C3C5214B67C2006CE00D /* Base */,
			);
			name = LaunchScreen.storyboard;
			sourceTree = "<group>";
		};
/* End PBXVariantGroup section */

/* Begin XCBuildConfiguration section */
		D047C3CA214B67C2006CE00D /* Debug */ = {
			isa = XCBuildConfiguration;
			buildSettings = {
				ALWAYS_SEARCH_USER_PATHS = NO;
				CLANG_ANALYZER_NONNULL = YES;
				CLANG_ANALYZER_NUMBER_OBJECT_CONVERSION = YES_AGGRESSIVE;
				CLANG_CXX_LANGUAGE_STANDARD = "gnu++14";
				CLANG_CXX_LIBRARY = "libc++";
				CLANG_ENABLE_MODULES = YES;
				CLANG_ENABLE_OBJC_ARC = YES;
				CLANG_ENABLE_OBJC_WEAK = YES;
				CLANG_WARN_BLOCK_CAPTURE_AUTORELEASING = YES;
				CLANG_WARN_BOOL_CONVERSION = YES;
				CLANG_WARN_COMMA = YES;
				CLANG_WARN_CONSTANT_CONVERSION = YES;
				CLANG_WARN_DEPRECATED_OBJC_IMPLEMENTATIONS = YES;
				CLANG_WARN_DIRECT_OBJC_ISA_USAGE = YES_ERROR;
				CLANG_WARN_DOCUMENTATION_COMMENTS = YES;
				CLANG_WARN_EMPTY_BODY = YES;
				CLANG_WARN_ENUM_CONVERSION = YES;
				CLANG_WARN_INFINITE_RECURSION = YES;
				CLANG_WARN_INT_CONVERSION = YES;
				CLANG_WARN_NON_LITERAL_NULL_CONVERSION = YES;
				CLANG_WARN_OBJC_IMPLICIT_RETAIN_SELF = YES;
				CLANG_WARN_OBJC_LITERAL_CONVERSION = YES;
				CLANG_WARN_OBJC_ROOT_CLASS = YES_ERROR;
				CLANG_WARN_RANGE_LOOP_ANALYSIS = YES;
				CLANG_WARN_STRICT_PROTOTYPES = YES;
				CLANG_WARN_SUSPICIOUS_MOVE = YES;
				CLANG_WARN_UNGUARDED_AVAILABILITY = YES_AGGRESSIVE;
				CLANG_WARN_UNREACHABLE_CODE = YES;
				CLANG_WARN__DUPLICATE_METHOD_MATCH = YES;
				CODE_SIGN_IDENTITY = "iPhone Developer";
				COPY_PHASE_STRIP = NO;
				DEBUG_INFORMATION_FORMAT = dwarf;
				ENABLE_STRICT_OBJC_MSGSEND = YES;
				ENABLE_TESTABILITY = YES;
				GCC_C_LANGUAGE_STANDARD = gnu11;
				GCC_DYNAMIC_NO_PIC = NO;
				GCC_NO_COMMON_BLOCKS = YES;
				GCC_OPTIMIZATION_LEVEL = 0;
				GCC_PREPROCESSOR_DEFINITIONS = (
					"DEBUG=1",
					"$(inherited)",
				);
				GCC_WARN_64_TO_32_BIT_CONVERSION = YES;
				GCC_WARN_ABOUT_RETURN_TYPE = YES_ERROR;
				GCC_WARN_UNDECLARED_SELECTOR = YES;
				GCC_WARN_UNINITIALIZED_AUTOS = YES_AGGRESSIVE;
				GCC_WARN_UNUSED_FUNCTION = YES;
				GCC_WARN_UNUSED_VARIABLE = YES;
				IPHONEOS_DEPLOYMENT_TARGET = 11.4;
				MTL_ENABLE_DEBUG_INFO = YES;
				ONLY_ACTIVE_ARCH = YES;
				SDKROOT = iphoneos;
			};
			name = Debug;
		};
		D047C3CB214B67C2006CE00D /* Release */ = {
			isa = XCBuildConfiguration;
			buildSettings = {
				ALWAYS_SEARCH_USER_PATHS = NO;
				CLANG_ANALYZER_NONNULL = YES;
				CLANG_ANALYZER_NUMBER_OBJECT_CONVERSION = YES_AGGRESSIVE;
				CLANG_CXX_LANGUAGE_STANDARD = "gnu++14";
				CLANG_CXX_LIBRARY = "libc++";
				CLANG_ENABLE_MODULES = YES;
				CLANG_ENABLE_OBJC_ARC = YES;
				CLANG_ENABLE_OBJC_WEAK = YES;
				CLANG_WARN_BLOCK_CAPTURE_AUTORELEASING = YES;
				CLANG_WARN_BOOL_CONVERSION = YES;
				CLANG_WARN_COMMA = YES;
				CLANG_WARN_CONSTANT_CONVERSION = YES;
				CLANG_WARN_DEPRECATED_OBJC_IMPLEMENTATIONS = YES;
				CLANG_WARN_DIRECT_OBJC_ISA_USAGE = YES_ERROR;
				CLANG_WARN_DOCUMENTATION_COMMENTS = YES;
				CLANG_WARN_EMPTY_BODY = YES;
				CLANG_WARN_ENUM_CONVERSION = YES;
				CLANG_WARN_INFINITE_RECURSION = YES;
				CLANG_WARN_INT_CONVERSION = YES;
				CLANG_WARN_NON_LITERAL_NULL_CONVERSION = YES;
				CLANG_WARN_OBJC_IMPLICIT_RETAIN_SELF = YES;
				CLANG_WARN_OBJC_LITERAL_CONVERSION = YES;
				CLANG_WARN_OBJC_ROOT_CLASS = YES_ERROR;
				CLANG_WARN_RANGE_LOOP_ANALYSIS = YES;
				CLANG_WARN_STRICT_PROTOTYPES = YES;
				CLANG_WARN_SUSPICIOUS_MOVE = YES;
				CLANG_WARN_UNGUARDED_AVAILABILITY = YES_AGGRESSIVE;
				CLANG_WARN_UNREACHABLE_CODE = YES;
				CLANG_WARN__DUPLICATE_METHOD_MATCH = YES;
				CODE_SIGN_IDENTITY = "iPhone Developer";
				COPY_PHASE_STRIP = NO;
				DEBUG_INFORMATION_FORMAT = "dwarf-with-dsym";
				ENABLE_NS_ASSERTIONS = NO;
				ENABLE_STRICT_OBJC_MSGSEND = YES;
				GCC_C_LANGUAGE_STANDARD = gnu11;
				GCC_NO_COMMON_BLOCKS = YES;
				GCC_WARN_64_TO_32_BIT_CONVERSION = YES;
				GCC_WARN_ABOUT_RETURN_TYPE = YES_ERROR;
				GCC_WARN_UNDECLARED_SELECTOR = YES;
				GCC_WARN_UNINITIALIZED_AUTOS = YES_AGGRESSIVE;
				GCC_WARN_UNUSED_FUNCTION = YES;
				GCC_WARN_UNUSED_VARIABLE = YES;
				IPHONEOS_DEPLOYMENT_TARGET = 11.4;
				MTL_ENABLE_DEBUG_INFO = NO;
				SDKROOT = iphoneos;
				VALIDATE_PRODUCT = YES;
			};
			name = Release;
		};
		D047C3CD214B67C2006CE00D /* Debug */ = {
			isa = XCBuildConfiguration;
			buildSettings = {
				ASSETCATALOG_COMPILER_APPICON_NAME = AppIcon;
				CODE_SIGN_STYLE = Automatic;
				DEVELOPMENT_TEAM = 74LHKYZDT8;
				INFOPLIST_FILE = TYVideoPayerDemo/Info.plist;
				LD_RUNPATH_SEARCH_PATHS = (
					"$(inherited)",
					"@executable_path/Frameworks",
				);
				PRODUCT_BUNDLE_IDENTIFIER = com.tangyi.TYVideoPayerDemo;
				PRODUCT_NAME = "$(TARGET_NAME)";
				TARGETED_DEVICE_FAMILY = "1,2";
			};
			name = Debug;
		};
		D047C3CE214B67C2006CE00D /* Release */ = {
			isa = XCBuildConfiguration;
			buildSettings = {
				ASSETCATALOG_COMPILER_APPICON_NAME = AppIcon;
				CODE_SIGN_STYLE = Automatic;
				DEVELOPMENT_TEAM = 74LHKYZDT8;
				INFOPLIST_FILE = TYVideoPayerDemo/Info.plist;
				LD_RUNPATH_SEARCH_PATHS = (
					"$(inherited)",
					"@executable_path/Frameworks",
				);
				PRODUCT_BUNDLE_IDENTIFIER = com.tangyi.TYVideoPayerDemo;
				PRODUCT_NAME = "$(TARGET_NAME)";
				TARGETED_DEVICE_FAMILY = "1,2";
			};
			name = Release;
		};
/* End XCBuildConfiguration section */

/* Begin XCConfigurationList section */
		D047C3B1214B67C0006CE00D /* Build configuration list for PBXProject "TYVideoPayerDemo" */ = {
			isa = XCConfigurationList;
			buildConfigurations = (
				D047C3CA214B67C2006CE00D /* Debug */,
				D047C3CB214B67C2006CE00D /* Release */,
			);
			defaultConfigurationIsVisible = 0;
			defaultConfigurationName = Release;
		};
		D047C3CC214B67C2006CE00D /* Build configuration list for PBXNativeTarget "TYVideoPayerDemo" */ = {
			isa = XCConfigurationList;
			buildConfigurations = (
				D047C3CD214B67C2006CE00D /* Debug */,
				D047C3CE214B67C2006CE00D /* Release */,
			);
			defaultConfigurationIsVisible = 0;
			defaultConfigurationName = Release;
		};
/* End XCConfigurationList section */
	};
	rootObject = D047C3AE214B67C0006CE00D /* Project object */;
}
